
Microsoft Visual Studio Solution File, Format Version 12.00
# Visual Studio 15
VisualStudioVersion = 15.0.28307.1062
MinimumVisualStudioVersion = 10.0.40219.1
Project("{9A19103F-16F7-4668-BE54-9A1E7A4F7556}") = "AutomobileManagement", "AutomobileManagement.csproj", "{F1E7913B-3E81-4475-BF90-BC0DA64C57E8}"
EndProject
Global
	GlobalSection(SolutionConfigurationPlatforms) = preSolution
		Debug|Any CPU = Debug|Any CPU
		Release|Any CPU = Release|Any CPU
	EndGlobalSection
	GlobalSection(ProjectConfigurationPlatforms) = postSolution
		{F1E7913B-3E81-4475-BF90-BC0DA64C57E8}.Debug|Any CPU.ActiveCfg = Debug|Any CPU
		{F1E7913B-3E81-4475-BF90-BC0DA64C57E8}.Debug|Any CPU.Build.0 = Debug|Any CPU
		{F1E7913B-3E81-4475-BF90-BC0DA64C57E8}.Release|Any CPU.ActiveCfg = Release|Any CPU
		{F1E7913B-3E81-4475-BF90-BC0DA64C57E8}.Release|Any CPU.Build.0 = Release|Any CPU
	EndGlobalSection
	GlobalSection(SolutionProperties) = preSolution
		HideSolutionNode = FALSE
	EndGlobalSection
	GlobalSection(ExtensibilityGlobals) = postSolution
		SolutionGuid = {E149C781-710B-41A6-810C-6233DE56C28A}
	EndGlobalSection
EndGlobal
